// !$*UTF8*$!
{
	archiveVersion = 1;
	classes = {
	};
	objectVersion = 50;
	objects = {

/* Begin PBXBuildFile section */
		2533580304ABBBBD3B9EF808 /* libPods-DemoSYAlertView.a in Frameworks */ = {isa = PBXBuildFile; fileRef = 681F3CCF16EC849D7127635F /* libPods-DemoSYAlertView.a */; };
		28FF12904D2282BCE375DC11 /* libPods-DemoSYAlertViewTests.a in Frameworks */ = {isa = PBXBuildFile; fileRef = D48B0320944712204C9F7E3C /* libPods-DemoSYAlertViewTests.a */; };
		A7FDCF4620C67C6E00FBA5A6 /* AppDelegate.m in Sources */ = {isa = PBXBuildFile; fileRef = A7FDCF4520C67C6E00FBA5A6 /* AppDelegate.m */; };
		A7FDCF4920C67C6E00FBA5A6 /* ViewController.m in Sources */ = {isa = PBXBuildFile; fileRef = A7FDCF4820C67C6E00FBA5A6 /* ViewController.m */; };
		A7FDCF4C20C67C6E00FBA5A6 /* Main.storyboard in Resources */ = {isa = PBXBuildFile; fileRef = A7FDCF4A20C67C6E00FBA5A6 /* Main.storyboard */; };
		A7FDCF4E20C67C7700FBA5A6 /* Assets.xcassets in Resources */ = {isa = PBXBuildFile; fileRef = A7FDCF4D20C67C7700FBA5A6 /* Assets.xcassets */; };
		A7FDCF5120C67C7700FBA5A6 /* LaunchScreen.storyboard in Resources */ = {isa = PBXBuildFile; fileRef = A7FDCF4F20C67C7700FBA5A6 /* LaunchScreen.storyboard */; };
		A7FDCF5420C67C7700FBA5A6 /* main.m in Sources */ = {isa = PBXBuildFile; fileRef = A7FDCF5320C67C7700FBA5A6 /* main.m */; };
		A7FDCF5E20C67C7700FBA5A6 /* DemoSYAlertViewTests.m in Sources */ = {isa = PBXBuildFile; fileRef = A7FDCF5D20C67C7700FBA5A6 /* DemoSYAlertViewTests.m */; };
		A7FDCF6920C67C7700FBA5A6 /* DemoSYAlertViewUITests.m in Sources */ = {isa = PBXBuildFile; fileRef = A7FDCF6820C67C7700FBA5A6 /* DemoSYAlertViewUITests.m */; };
		C13B6588FB2EF4762F1C4F9D /* libPods-DemoSYAlertViewUITests.a in Frameworks */ = {isa = PBXBuildFile; fileRef = 9D60DB0725023849B7A71385 /* libPods-DemoSYAlertViewUITests.a */; };
		DFA0A136210BE7D500BF3A0D /* SYAlertController.m in Sources */ = {isa = PBXBuildFile; fileRef = DFA0A135210BE7D500BF3A0D /* SYAlertController.m */; };
/* End PBXBuildFile section */

/* Begin PBXContainerItemProxy section */
		A7FDCF5A20C67C7700FBA5A6 /* PBXContainerItemProxy */ = {
			isa = PBXContainerItemProxy;
			containerPortal = A7FDCF3920C67C6E00FBA5A6 /* Project object */;
			proxyType = 1;
			remoteGlobalIDString = A7FDCF4020C67C6E00FBA5A6;
			remoteInfo = DemoSYAlertView;
		};
		A7FDCF6520C67C7700FBA5A6 /* PBXContainerItemProxy */ = {
			isa = PBXContainerItemProxy;
			containerPortal = A7FDCF3920C67C6E00FBA5A6 /* Project object */;
			proxyType = 1;
			remoteGlobalIDString = A7FDCF4020C67C6E00FBA5A6;
			remoteInfo = DemoSYAlertView;
		};
/* End PBXContainerItemProxy section */

/* Begin PBXFileReference section */
		0F598B8767A675DAC6098821 /* Pods-DemoSYAlertViewTests.debug.xcconfig */ = {isa = PBXFileReference; includeInIndex = 1; lastKnownFileType = text.xcconfig; name = "Pods-DemoSYAlertViewTests.debug.xcconfig"; path = "Pods/Target Support Files/Pods-DemoSYAlertViewTests/Pods-DemoSYAlertViewTests.debug.xcconfig"; sourceTree = "<group>"; };
		1ECE50615764618313E841A8 /* Pods-DemoSYAlertView.release.xcconfig */ = {isa = PBXFileReference; includeInIndex = 1; lastKnownFileType = text.xcconfig; name = "Pods-DemoSYAlertView.release.xcconfig"; path = "Pods/Target Support Files/Pods-DemoSYAlertView/Pods-DemoSYAlertView.release.xcconfig"; sourceTree = "<group>"; };
		681F3CCF16EC849D7127635F /* libPods-DemoSYAlertView.a */ = {isa = PBXFileReference; explicitFileType = archive.ar; includeInIndex = 0; path = "libPods-DemoSYAlertView.a"; sourceTree = BUILT_PRODUCTS_DIR; };
		8EDC1B5DE1FA41438A3A3673 /* Pods-DemoSYAlertViewUITests.debug.xcconfig */ = {isa = PBXFileReference; includeInIndex = 1; lastKnownFileType = text.xcconfig; name = "Pods-DemoSYAlertViewUITests.debug.xcconfig"; path = "Pods/Target Support Files/Pods-DemoSYAlertViewUITests/Pods-DemoSYAlertViewUITests.debug.xcconfig"; sourceTree = "<group>"; };
		9D60DB0725023849B7A71385 /* libPods-DemoSYAlertViewUITests.a */ = {isa = PBXFileReference; explicitFileType = archive.ar; includeInIndex = 0; path = "libPods-DemoSYAlertViewUITests.a"; sourceTree = BUILT_PRODUCTS_DIR; };
		A4477CA6274CCEE57C45CBB2 /* Pods-DemoSYAlertView.debug.xcconfig */ = {isa = PBXFileReference; includeInIndex = 1; lastKnownFileType = text.xcconfig; name = "Pods-DemoSYAlertView.debug.xcconfig"; path = "Pods/Target Support Files/Pods-DemoSYAlertView/Pods-DemoSYAlertView.debug.xcconfig"; sourceTree = "<group>"; };
		A7FDCF4120C67C6E00FBA5A6 /* DemoSYAlertView.app */ = {isa = PBXFileReference; explicitFileType = wrapper.application; includeInIndex = 0; path = DemoSYAlertView.app; sourceTree = BUILT_PRODUCTS_DIR; };
		A7FDCF4420C67C6E00FBA5A6 /* AppDelegate.h */ = {isa = PBXFileReference; lastKnownFileType = sourcecode.c.h; path = AppDelegate.h; sourceTree = "<group>"; };
		A7FDCF4520C67C6E00FBA5A6 /* AppDelegate.m */ = {isa = PBXFileReference; lastKnownFileType = sourcecode.c.objc; path = AppDelegate.m; sourceTree = "<group>"; };
		A7FDCF4720C67C6E00FBA5A6 /* ViewController.h */ = {isa = PBXFileReference; lastKnownFileType = sourcecode.c.h; path = ViewController.h; sourceTree = "<group>"; };
		A7FDCF4820C67C6E00FBA5A6 /* ViewController.m */ = {isa = PBXFileReference; lastKnownFileType = sourcecode.c.objc; path = ViewController.m; sourceTree = "<group>"; };
		A7FDCF4B20C67C6E00FBA5A6 /* Base */ = {isa = PBXFileReference; lastKnownFileType = file.storyboard; name = Base; path = Base.lproj/Main.storyboard; sourceTree = "<group>"; };
		A7FDCF4D20C67C7700FBA5A6 /* Assets.xcassets */ = {isa = PBXFileReference; lastKnownFileType = folder.assetcatalog; path = Assets.xcassets; sourceTree = "<group>"; };
		A7FDCF5020C67C7700FBA5A6 /* Base */ = {isa = PBXFileReference; lastKnownFileType = file.storyboard; name = Base; path = Base.lproj/LaunchScreen.storyboard; sourceTree = "<group>"; };
		A7FDCF5220C67C7700FBA5A6 /* Info.plist */ = {isa = PBXFileReference; lastKnownFileType = text.plist.xml; path = Info.plist; sourceTree = "<group>"; };
		A7FDCF5320C67C7700FBA5A6 /* main.m */ = {isa = PBXFileReference; lastKnownFileType = sourcecode.c.objc; path = main.m; sourceTree = "<group>"; };
		A7FDCF5920C67C7700FBA5A6 /* DemoSYAlertViewTests.xctest */ = {isa = PBXFileReference; explicitFileType = wrapper.cfbundle; includeInIndex = 0; path = DemoSYAlertViewTests.xctest; sourceTree = BUILT_PRODUCTS_DIR; };
		A7FDCF5D20C67C7700FBA5A6 /* DemoSYAlertViewTests.m */ = {isa = PBXFileReference; lastKnownFileType = sourcecode.c.objc; path = DemoSYAlertViewTests.m; sourceTree = "<group>"; };
		A7FDCF5F20C67C7700FBA5A6 /* Info.plist */ = {isa = PBXFileReference; lastKnownFileType = text.plist.xml; path = Info.plist; sourceTree = "<group>"; };
		A7FDCF6420C67C7700FBA5A6 /* DemoSYAlertViewUITests.xctest */ = {isa = PBXFileReference; explicitFileType = wrapper.cfbundle; includeInIndex = 0; path = DemoSYAlertViewUITests.xctest; sourceTree = BUILT_PRODUCTS_DIR; };
		A7FDCF6820C67C7700FBA5A6 /* DemoSYAlertViewUITests.m */ = {isa = PBXFileReference; lastKnownFileType = sourcecode.c.objc; path = DemoSYAlertViewUITests.m; sourceTree = "<group>"; };
		A7FDCF6A20C67C7700FBA5A6 /* Info.plist */ = {isa = PBXFileReference; lastKnownFileType = text.plist.xml; path = Info.plist; sourceTree = "<group>"; };
		B8ECBEFFEBDEE5A8DA5DBC75 /* Pods-DemoSYAlertViewUITests.release.xcconfig */ = {isa = PBXFileReference; includeInIndex = 1; lastKnownFileType = text.xcconfig; name = "Pods-DemoSYAlertViewUITests.release.xcconfig"; path = "Pods/Target Support Files/Pods-DemoSYAlertViewUITests/Pods-DemoSYAlertViewUITests.release.xcconfig"; sourceTree = "<group>"; };
		D48B0320944712204C9F7E3C /* libPods-DemoSYAlertViewTests.a */ = {isa = PBXFileReference; explicitFileType = archive.ar; includeInIndex = 0; path = "libPods-DemoSYAlertViewTests.a"; sourceTree = BUILT_PRODUCTS_DIR; };
		DFA0A134210BE7D500BF3A0D /* SYAlertController.h */ = {isa = PBXFileReference; fileEncoding = 4; lastKnownFileType = sourcecode.c.h; path = SYAlertController.h; sourceTree = "<group>"; };
		DFA0A135210BE7D500BF3A0D /* SYAlertController.m */ = {isa = PBXFileReference; fileEncoding = 4; lastKnownFileType = sourcecode.c.objc; path = SYAlertController.m; sourceTree = "<group>"; };
		E24B4265E3C80BE4C2150A2A /* Pods-DemoSYAlertViewTests.release.xcconfig */ = {isa = PBXFileReference; includeInIndex = 1; lastKnownFileType = text.xcconfig; name = "Pods-DemoSYAlertViewTests.release.xcconfig"; path = "Pods/Target Support Files/Pods-DemoSYAlertViewTests/Pods-DemoSYAlertViewTests.release.xcconfig"; sourceTree = "<group>"; };
/* End PBXFileReference section */

/* Begin PBXFrameworksBuildPhase section */
		A7FDCF3E20C67C6E00FBA5A6 /* Frameworks */ = {
			isa = PBXFrameworksBuildPhase;
			buildActionMask = 2147483647;
			files = (
				2533580304ABBBBD3B9EF808 /* libPods-DemoSYAlertView.a in Frameworks */,
			);
			runOnlyForDeploymentPostprocessing = 0;
		};
		A7FDCF5620C67C7700FBA5A6 /* Frameworks */ = {
			isa = PBXFrameworksBuildPhase;
			buildActionMask = 2147483647;
			files = (
				28FF12904D2282BCE375DC11 /* libPods-DemoSYAlertViewTests.a in Frameworks */,
			);
			runOnlyForDeploymentPostprocessing = 0;
		};
		A7FDCF6120C67C7700FBA5A6 /* Frameworks */ = {
			isa = PBXFrameworksBuildPhase;
			buildActionMask = 2147483647;
			files = (
				C13B6588FB2EF4762F1C4F9D /* libPods-DemoSYAlertViewUITests.a in Frameworks */,
			);
			runOnlyForDeploymentPostprocessing = 0;
		};
/* End PBXFrameworksBuildPhase section */

/* Begin PBXGroup section */
		4C7346034E9AE18AD0A7A455 /* Frameworks */ = {
			isa = PBXGroup;
			children = (
				681F3CCF16EC849D7127635F /* libPods-DemoSYAlertView.a */,
				D48B0320944712204C9F7E3C /* libPods-DemoSYAlertViewTests.a */,
				9D60DB0725023849B7A71385 /* libPods-DemoSYAlertViewUITests.a */,
			);
			name = Frameworks;
			sourceTree = "<group>";
		};
		A22A93C27BDAC701E680D057 /* Pods */ = {
			isa = PBXGroup;
			children = (
				A4477CA6274CCEE57C45CBB2 /* Pods-DemoSYAlertView.debug.xcconfig */,
				1ECE50615764618313E841A8 /* Pods-DemoSYAlertView.release.xcconfig */,
				0F598B8767A675DAC6098821 /* Pods-DemoSYAlertViewTests.debug.xcconfig */,
				E24B4265E3C80BE4C2150A2A /* Pods-DemoSYAlertViewTests.release.xcconfig */,
				8EDC1B5DE1FA41438A3A3673 /* Pods-DemoSYAlertViewUITests.debug.xcconfig */,
				B8ECBEFFEBDEE5A8DA5DBC75 /* Pods-DemoSYAlertViewUITests.release.xcconfig */,
			);
			name = Pods;
			sourceTree = "<group>";
		};
		A7FDCF3820C67C6E00FBA5A6 = {
			isa = PBXGroup;
			children = (
				A7FDCF4320C67C6E00FBA5A6 /* DemoSYAlertView */,
				A7FDCF5C20C67C7700FBA5A6 /* DemoSYAlertViewTests */,
				A7FDCF6720C67C7700FBA5A6 /* DemoSYAlertViewUITests */,
				A7FDCF4220C67C6E00FBA5A6 /* Products */,
				A22A93C27BDAC701E680D057 /* Pods */,
				4C7346034E9AE18AD0A7A455 /* Frameworks */,
			);
			sourceTree = "<group>";
		};
		A7FDCF4220C67C6E00FBA5A6 /* Products */ = {
			isa = PBXGroup;
			children = (
				A7FDCF4120C67C6E00FBA5A6 /* DemoSYAlertView.app */,
				A7FDCF5920C67C7700FBA5A6 /* DemoSYAlertViewTests.xctest */,
				A7FDCF6420C67C7700FBA5A6 /* DemoSYAlertViewUITests.xctest */,
			);
			name = Products;
			sourceTree = "<group>";
		};
		A7FDCF4320C67C6E00FBA5A6 /* DemoSYAlertView */ = {
			isa = PBXGroup;
			children = (
				A7FDCF4420C67C6E00FBA5A6 /* AppDelegate.h */,
				A7FDCF4520C67C6E00FBA5A6 /* AppDelegate.m */,
				A7FDCF4720C67C6E00FBA5A6 /* ViewController.h */,
				A7FDCF4820C67C6E00FBA5A6 /* ViewController.m */,
				A7FDCF7620C67E5C00FBA5A6 /* SYAlertViewController */,
				A7FDCF4A20C67C6E00FBA5A6 /* Main.storyboard */,
				A7FDCF4D20C67C7700FBA5A6 /* Assets.xcassets */,
				A7FDCF4F20C67C7700FBA5A6 /* LaunchScreen.storyboard */,
				A7FDCF5220C67C7700FBA5A6 /* Info.plist */,
				A7FDCF5320C67C7700FBA5A6 /* main.m */,
			);
			path = DemoSYAlertView;
			sourceTree = "<group>";
		};
		A7FDCF5C20C67C7700FBA5A6 /* DemoSYAlertViewTests */ = {
			isa = PBXGroup;
			children = (
				A7FDCF5D20C67C7700FBA5A6 /* DemoSYAlertViewTests.m */,
				A7FDCF5F20C67C7700FBA5A6 /* Info.plist */,
			);
			path = DemoSYAlertViewTests;
			sourceTree = "<group>";
		};
		A7FDCF6720C67C7700FBA5A6 /* DemoSYAlertViewUITests */ = {
			isa = PBXGroup;
			children = (
				A7FDCF6820C67C7700FBA5A6 /* DemoSYAlertViewUITests.m */,
				A7FDCF6A20C67C7700FBA5A6 /* Info.plist */,
			);
			path = DemoSYAlertViewUITests;
			sourceTree = "<group>";
		};
		A7FDCF7620C67E5C00FBA5A6 /* SYAlertViewController */ = {
			isa = PBXGroup;
			children = (
				DFA0A134210BE7D500BF3A0D /* SYAlertController.h */,
				DFA0A135210BE7D500BF3A0D /* SYAlertController.m */,
			);
			name = SYAlertViewController;
			path = ../../SYAlertViewController;
			sourceTree = "<group>";
		};
/* End PBXGroup section */

/* Begin PBXNativeTarget section */
		A7FDCF4020C67C6E00FBA5A6 /* DemoSYAlertView */ = {
			isa = PBXNativeTarget;
			buildConfigurationList = A7FDCF6D20C67C7700FBA5A6 /* Build configuration list for PBXNativeTarget "DemoSYAlertView" */;
			buildPhases = (
				66F0A161615B40046C2F0674 /* [CP] Check Pods Manifest.lock */,
				A7FDCF3D20C67C6E00FBA5A6 /* Sources */,
				A7FDCF3E20C67C6E00FBA5A6 /* Frameworks */,
				A7FDCF3F20C67C6E00FBA5A6 /* Resources */,
				F787426E7BE6D1B375900811 /* [CP] Copy Pods Resources */,
			);
			buildRules = (
			);
			dependencies = (
			);
			name = DemoSYAlertView;
			productName = DemoSYAlertView;
			productReference = A7FDCF4120C67C6E00FBA5A6 /* DemoSYAlertView.app */;
			productType = "com.apple.product-type.application";
		};
		A7FDCF5820C67C7700FBA5A6 /* DemoSYAlertViewTests */ = {
			isa = PBXNativeTarget;
			buildConfigurationList = A7FDCF7020C67C7700FBA5A6 /* Build configuration list for PBXNativeTarget "DemoSYAlertViewTests" */;
			buildPhases = (
				CCE8FC6DB2171BFEC00DC66E /* [CP] Check Pods Manifest.lock */,
				A7FDCF5520C67C7700FBA5A6 /* Sources */,
				A7FDCF5620C67C7700FBA5A6 /* Frameworks */,
				A7FDCF5720C67C7700FBA5A6 /* Resources */,
			);
			buildRules = (
			);
			dependencies = (
				A7FDCF5B20C67C7700FBA5A6 /* PBXTargetDependency */,
			);
			name = DemoSYAlertViewTests;
			productName = DemoSYAlertViewTests;
			productReference = A7FDCF5920C67C7700FBA5A6 /* DemoSYAlertViewTests.xctest */;
			productType = "com.apple.product-type.bundle.unit-test";
		};
		A7FDCF6320C67C7700FBA5A6 /* DemoSYAlertViewUITests */ = {
			isa = PBXNativeTarget;
			buildConfigurationList = A7FDCF7320C67C7700FBA5A6 /* Build configuration list for PBXNativeTarget "DemoSYAlertViewUITests" */;
			buildPhases = (
				82F5A014B618B6683AD191B1 /* [CP] Check Pods Manifest.lock */,
				A7FDCF6020C67C7700FBA5A6 /* Sources */,
				A7FDCF6120C67C7700FBA5A6 /* Frameworks */,
				A7FDCF6220C67C7700FBA5A6 /* Resources */,
			);
			buildRules = (
			);
			dependencies = (
				A7FDCF6620C67C7700FBA5A6 /* PBXTargetDependency */,
			);
			name = DemoSYAlertViewUITests;
			productName = DemoSYAlertViewUITests;
			productReference = A7FDCF6420C67C7700FBA5A6 /* DemoSYAlertViewUITests.xctest */;
			productType = "com.apple.product-type.bundle.ui-testing";
		};
/* End PBXNativeTarget section */

/* Begin PBXProject section */
		A7FDCF3920C67C6E00FBA5A6 /* Project object */ = {
			isa = PBXProject;
			attributes = {
				LastUpgradeCheck = 0930;
				ORGANIZATIONNAME = VSTECS;
				TargetAttributes = {
					A7FDCF4020C67C6E00FBA5A6 = {
						CreatedOnToolsVersion = 9.3.1;
					};
					A7FDCF5820C67C7700FBA5A6 = {
						CreatedOnToolsVersion = 9.3.1;
						TestTargetID = A7FDCF4020C67C6E00FBA5A6;
					};
					A7FDCF6320C67C7700FBA5A6 = {
						CreatedOnToolsVersion = 9.3.1;
						TestTargetID = A7FDCF4020C67C6E00FBA5A6;
					};
				};
			};
			buildConfigurationList = A7FDCF3C20C67C6E00FBA5A6 /* Build configuration list for PBXProject "DemoSYAlertView" */;
			compatibilityVersion = "Xcode 9.3";
			developmentRegion = en;
			hasScannedForEncodings = 0;
			knownRegions = (
				en,
				Base,
			);
			mainGroup = A7FDCF3820C67C6E00FBA5A6;
			productRefGroup = A7FDCF4220C67C6E00FBA5A6 /* Products */;
			projectDirPath = "";
			projectRoot = "";
			targets = (
				A7FDCF4020C67C6E00FBA5A6 /* DemoSYAlertView */,
				A7FDCF5820C67C7700FBA5A6 /* DemoSYAlertViewTests */,
				A7FDCF6320C67C7700FBA5A6 /* DemoSYAlertViewUITests */,
			);
		};
/* End PBXProject section */

/* Begin PBXResourcesBuildPhase section */
		A7FDCF3F20C67C6E00FBA5A6 /* Resources */ = {
			isa = PBXResourcesBuildPhase;
			buildActionMask = 2147483647;
			files = (
				A7FDCF5120C67C7700FBA5A6 /* LaunchScreen.storyboard in Resources */,
				A7FDCF4E20C67C7700FBA5A6 /* Assets.xcassets in Resources */,
				A7FDCF4C20C67C6E00FBA5A6 /* Main.storyboard in Resources */,
			);
			runOnlyForDeploymentPostprocessing = 0;
		};
		A7FDCF5720C67C7700FBA5A6 /* Resources */ = {
			isa = PBXResourcesBuildPhase;
			buildActionMask = 2147483647;
			files = (
			);
			runOnlyForDeploymentPostprocessing = 0;
		};
		A7FDCF6220C67C7700FBA5A6 /* Resources */ = {
			isa = PBXResourcesBuildPhase;
			buildActionMask = 2147483647;
			files = (
			);
			runOnlyForDeploymentPostprocessing = 0;
		};
/* End PBXResourcesBuildPhase section */

/* Begin PBXShellScriptBuildPhase section */
		66F0A161615B40046C2F0674 /* [CP] Check Pods Manifest.lock */ = {
			isa = PBXShellScriptBuildPhase;
			buildActionMask = 2147483647;
			files = (
			);
			inputPaths = (
				"${PODS_PODFILE_DIR_PATH}/Podfile.lock",
				"${PODS_ROOT}/Manifest.lock",
			);
			name = "[CP] Check Pods Manifest.lock";
			outputPaths = (
				"$(DERIVED_FILE_DIR)/Pods-DemoSYAlertView-checkManifestLockResult.txt",
			);
			runOnlyForDeploymentPostprocessing = 0;
			shellPath = /bin/sh;
			shellScript = "diff \"${PODS_PODFILE_DIR_PATH}/Podfile.lock\" \"${PODS_ROOT}/Manifest.lock\" > /dev/null\nif [ $? != 0 ] ; then\n    # print error to STDERR\n    echo \"error: The sandbox is not in sync with the Podfile.lock. Run 'pod install' or update your CocoaPods installation.\" >&2\n    exit 1\nfi\n# This output is used by Xcode 'outputs' to avoid re-running this script phase.\necho \"SUCCESS\" > \"${SCRIPT_OUTPUT_FILE_0}\"\n";
			showEnvVarsInLog = 0;
		};
		82F5A014B618B6683AD191B1 /* [CP] Check Pods Manifest.lock */ = {
			isa = PBXShellScriptBuildPhase;
			buildActionMask = 2147483647;
			files = (
			);
			inputPaths = (
				"${PODS_PODFILE_DIR_PATH}/Podfile.lock",
				"${PODS_ROOT}/Manifest.lock",
			);
			name = "[CP] Check Pods Manifest.lock";
			outputPaths = (
				"$(DERIVED_FILE_DIR)/Pods-DemoSYAlertViewUITests-checkManifestLockResult.txt",
			);
			runOnlyForDeploymentPostprocessing = 0;
			shellPath = /bin/sh;
			shellScript = "diff \"${PODS_PODFILE_DIR_PATH}/Podfile.lock\" \"${PODS_ROOT}/Manifest.lock\" > /dev/null\nif [ $? != 0 ] ; then\n    # print error to STDERR\n    echo \"error: The sandbox is not in sync with the Podfile.lock. Run 'pod install' or update your CocoaPods installation.\" >&2\n    exit 1\nfi\n# This output is used by Xcode 'outputs' to avoid re-running this script phase.\necho \"SUCCESS\" > \"${SCRIPT_OUTPUT_FILE_0}\"\n";
			showEnvVarsInLog = 0;
		};
		CCE8FC6DB2171BFEC00DC66E /* [CP] Check Pods Manifest.lock */ = {
			isa = PBXShellScriptBuildPhase;
			buildActionMask = 2147483647;
			files = (
			);
			inputPaths = (
				"${PODS_PODFILE_DIR_PATH}/Podfile.lock",
				"${PODS_ROOT}/Manifest.lock",
			);
			name = "[CP] Check Pods Manifest.lock";
			outputPaths = (
				"$(DERIVED_FILE_DIR)/Pods-DemoSYAlertViewTests-checkManifestLockResult.txt",
			);
			runOnlyForDeploymentPostprocessing = 0;
			shellPath = /bin/sh;
			shellScript = "diff \"${PODS_PODFILE_DIR_PATH}/Podfile.lock\" \"${PODS_ROOT}/Manifest.lock\" > /dev/null\nif [ $? != 0 ] ; then\n    # print error to STDERR\n    echo \"error: The sandbox is not in sync with the Podfile.lock. Run 'pod install' or update your CocoaPods installation.\" >&2\n    exit 1\nfi\n# This output is used by Xcode 'outputs' to avoid re-running this script phase.\necho \"SUCCESS\" > \"${SCRIPT_OUTPUT_FILE_0}\"\n";
			showEnvVarsInLog = 0;
		};
		F787426E7BE6D1B375900811 /* [CP] Copy Pods Resources */ = {
			isa = PBXShellScriptBuildPhase;
			buildActionMask = 2147483647;
			files = (
			);
			inputPaths = (
				"${SRCROOT}/Pods/Target Support Files/Pods-DemoSYAlertView/Pods-DemoSYAlertView-resources.sh",
				"${PODS_ROOT}/IQKeyboardManager/IQKeyboardManager/Resources/IQKeyboardManager.bundle",
			);
			name = "[CP] Copy Pods Resources";
			outputPaths = (
				"${TARGET_BUILD_DIR}/${UNLOCALIZED_RESOURCES_FOLDER_PATH}/IQKeyboardManager.bundle",
			);
			runOnlyForDeploymentPostprocessing = 0;
			shellPath = /bin/sh;
			shellScript = "\"${SRCROOT}/Pods/Target Support Files/Pods-DemoSYAlertView/Pods-DemoSYAlertView-resources.sh\"\n";
			showEnvVarsInLog = 0;
		};
/* End PBXShellScriptBuildPhase section */

/* Begin PBXSourcesBuildPhase section */
		A7FDCF3D20C67C6E00FBA5A6 /* Sources */ = {
			isa = PBXSourcesBuildPhase;
			buildActionMask = 2147483647;
			files = (
				A7FDCF4920C67C6E00FBA5A6 /* ViewController.m in Sources */,
				A7FDCF5420C67C7700FBA5A6 /* main.m in Sources */,
				DFA0A136210BE7D500BF3A0D /* SYAlertController.m in Sources */,
				A7FDCF4620C67C6E00FBA5A6 /* AppDelegate.m in Sources */,
			);
			runOnlyForDeploymentPostprocessing = 0;
		};
		A7FDCF5520C67C7700FBA5A6 /* Sources */ = {
			isa = PBXSourcesBuildPhase;
			buildActionMask = 2147483647;
			files = (
				A7FDCF5E20C67C7700FBA5A6 /* DemoSYAlertViewTests.m in Sources */,
			);
			runOnlyForDeploymentPostprocessing = 0;
		};
		A7FDCF6020C67C7700FBA5A6 /* Sources */ = {
			isa = PBXSourcesBuildPhase;
			buildActionMask = 2147483647;
			files = (
				A7FDCF6920C67C7700FBA5A6 /* DemoSYAlertViewUITests.m in Sources */,
			);
			runOnlyForDeploymentPostprocessing = 0;
		};
/* End PBXSourcesBuildPhase section */

/* Begin PBXTargetDependency section */
		A7FDCF5B20C67C7700FBA5A6 /* PBXTargetDependency */ = {
			isa = PBXTargetDependency;
			target = A7FDCF4020C67C6E00FBA5A6 /* DemoSYAlertView */;
			targetProxy = A7FDCF5A20C67C7700FBA5A6 /* PBXContainerItemProxy */;
		};
		A7FDCF6620C67C7700FBA5A6 /* PBXTargetDependency */ = {
			isa = PBXTargetDependency;
			target = A7FDCF4020C67C6E00FBA5A6 /* DemoSYAlertView */;
			targetProxy = A7FDCF6520C67C7700FBA5A6 /* PBXContainerItemProxy */;
		};
/* End PBXTargetDependency section */

/* Begin PBXVariantGroup section */
		A7FDCF4A20C67C6E00FBA5A6 /* Main.storyboard */ = {
			isa = PBXVariantGroup;
			children = (
				A7FDCF4B20C67C6E00FBA5A6 /* Base */,
			);
			name = Main.storyboard;
			sourceTree = "<group>";
		};
		A7FDCF4F20C67C7700FBA5A6 /* LaunchScreen.storyboard */ = {
			isa = PBXVariantGroup;
			children = (
				A7FDCF5020C67C7700FBA5A6 /* Base */,
			);
			name = LaunchScreen.storyboard;
			sourceTree = "<group>";
		};
/* End PBXVariantGroup section */

/* Begin XCBuildConfiguration section */
		A7FDCF6B20C67C7700FBA5A6 /* Debug */ = {
			isa = XCBuildConfiguration;
			buildSettings = {
				ALWAYS_SEARCH_USER_PATHS = NO;
				CLANG_ANALYZER_NONNULL = YES;
				CLANG_ANALYZER_NUMBER_OBJECT_CONVERSION = YES_AGGRESSIVE;
				CLANG_CXX_LANGUAGE_STANDARD = "gnu++14";
				CLANG_CXX_LIBRARY = "libc++";
				CLANG_ENABLE_MODULES = YES;
				CLANG_ENABLE_OBJC_ARC = YES;
				CLANG_ENABLE_OBJC_WEAK = YES;
				CLANG_WARN_BLOCK_CAPTURE_AUTORELEASING = YES;
				CLANG_WARN_BOOL_CONVERSION = YES;
				CLANG_WARN_COMMA = YES;
				CLANG_WARN_CONSTANT_CONVERSION = YES;
				CLANG_WARN_DEPRECATED_OBJC_IMPLEMENTATIONS = YES;
				CLANG_WARN_DIRECT_OBJC_ISA_USAGE = YES_ERROR;
				CLANG_WARN_DOCUMENTATION_COMMENTS = YES;
				CLANG_WARN_EMPTY_BODY = YES;
				CLANG_WARN_ENUM_CONVERSION = YES;
				CLANG_WARN_INFINITE_RECURSION = YES;
				CLANG_WARN_INT_CONVERSION = YES;
				CLANG_WARN_NON_LITERAL_NULL_CONVERSION = YES;
				CLANG_WARN_OBJC_IMPLICIT_RETAIN_SELF = YES;
				CLANG_WARN_OBJC_LITERAL_CONVERSION = YES;
				CLANG_WARN_OBJC_ROOT_CLASS = YES_ERROR;
				CLANG_WARN_RANGE_LOOP_ANALYSIS = YES;
				CLANG_WARN_STRICT_PROTOTYPES = YES;
				CLANG_WARN_SUSPICIOUS_MOVE = YES;
				CLANG_WARN_UNGUARDED_AVAILABILITY = YES_AGGRESSIVE;
				CLANG_WARN_UNREACHABLE_CODE = YES;
				CLANG_WARN__DUPLICATE_METHOD_MATCH = YES;
				CODE_SIGN_IDENTITY = "iPhone Developer";
				COPY_PHASE_STRIP = NO;
				DEBUG_INFORMATION_FORMAT = dwarf;
				ENABLE_STRICT_OBJC_MSGSEND = YES;
				ENABLE_TESTABILITY = YES;
				GCC_C_LANGUAGE_STANDARD = gnu11;
				GCC_DYNAMIC_NO_PIC = NO;
				GCC_NO_COMMON_BLOCKS = YES;
				GCC_OPTIMIZATION_LEVEL = 0;
				GCC_PREPROCESSOR_DEFINITIONS = (
					"DEBUG=1",
					"$(inherited)",
				);
				GCC_WARN_64_TO_32_BIT_CONVERSION = YES;
				GCC_WARN_ABOUT_RETURN_TYPE = YES_ERROR;
				GCC_WARN_UNDECLARED_SELECTOR = YES;
				GCC_WARN_UNINITIALIZED_AUTOS = YES_AGGRESSIVE;
				GCC_WARN_UNUSED_FUNCTION = YES;
				GCC_WARN_UNUSED_VARIABLE = YES;
				IPHONEOS_DEPLOYMENT_TARGET = 9.0;
				MTL_ENABLE_DEBUG_INFO = YES;
				ONLY_ACTIVE_ARCH = YES;
				SDKROOT = iphoneos;
			};
			name = Debug;
		};
		A7FDCF6C20C67C7700FBA5A6 /* Release */ = {
			isa = XCBuildConfiguration;
			buildSettings = {
				ALWAYS_SEARCH_USER_PATHS = NO;
				CLANG_ANALYZER_NONNULL = YES;
				CLANG_ANALYZER_NUMBER_OBJECT_CONVERSION = YES_AGGRESSIVE;
				CLANG_CXX_LANGUAGE_STANDARD = "gnu++14";
				CLANG_CXX_LIBRARY = "libc++";
				CLANG_ENABLE_MODULES = YES;
				CLANG_ENABLE_OBJC_ARC = YES;
				CLANG_ENABLE_OBJC_WEAK = YES;
				CLANG_WARN_BLOCK_CAPTURE_AUTORELEASING = YES;
				CLANG_WARN_BOOL_CONVERSION = YES;
				CLANG_WARN_COMMA = YES;
				CLANG_WARN_CONSTANT_CONVERSION = YES;
				CLANG_WARN_DEPRECATED_OBJC_IMPLEMENTATIONS = YES;
				CLANG_WARN_DIRECT_OBJC_ISA_USAGE = YES_ERROR;
				CLANG_WARN_DOCUMENTATION_COMMENTS = YES;
				CLANG_WARN_EMPTY_BODY = YES;
				CLANG_WARN_ENUM_CONVERSION = YES;
				CLANG_WARN_INFINITE_RECURSION = YES;
				CLANG_WARN_INT_CONVERSION = YES;
				CLANG_WARN_NON_LITERAL_NULL_CONVERSION = YES;
				CLANG_WARN_OBJC_IMPLICIT_RETAIN_SELF = YES;
				CLANG_WARN_OBJC_LITERAL_CONVERSION = YES;
				CLANG_WARN_OBJC_ROOT_CLASS = YES_ERROR;
				CLANG_WARN_RANGE_LOOP_ANALYSIS = YES;
				CLANG_WARN_STRICT_PROTOTYPES = YES;
				CLANG_WARN_SUSPICIOUS_MOVE = YES;
				CLANG_WARN_UNGUARDED_AVAILABILITY = YES_AGGRESSIVE;
				CLANG_WARN_UNREACHABLE_CODE = YES;
				CLANG_WARN__DUPLICATE_METHOD_MATCH = YES;
				CODE_SIGN_IDENTITY = "iPhone Developer";
				COPY_PHASE_STRIP = NO;
				DEBUG_INFORMATION_FORMAT = "dwarf-with-dsym";
				ENABLE_NS_ASSERTIONS = NO;
				ENABLE_STRICT_OBJC_MSGSEND = YES;
				GCC_C_LANGUAGE_STANDARD = gnu11;
				GCC_NO_COMMON_BLOCKS = YES;
				GCC_WARN_64_TO_32_BIT_CONVERSION = YES;
				GCC_WARN_ABOUT_RETURN_TYPE = YES_ERROR;
				GCC_WARN_UNDECLARED_SELECTOR = YES;
				GCC_WARN_UNINITIALIZED_AUTOS = YES_AGGRESSIVE;
				GCC_WARN_UNUSED_FUNCTION = YES;
				GCC_WARN_UNUSED_VARIABLE = YES;
				IPHONEOS_DEPLOYMENT_TARGET = 9.0;
				MTL_ENABLE_DEBUG_INFO = NO;
				SDKROOT = iphoneos;
				VALIDATE_PRODUCT = YES;
			};
			name = Release;
		};
		A7FDCF6E20C67C7700FBA5A6 /* Debug */ = {
			isa = XCBuildConfiguration;
			baseConfigurationReference = A4477CA6274CCEE57C45CBB2 /* Pods-DemoSYAlertView.debug.xcconfig */;
			buildSettings = {
				ASSETCATALOG_COMPILER_APPICON_NAME = AppIcon;
				CODE_SIGN_STYLE = Manual;
				DEVELOPMENT_TEAM = "";
				INFOPLIST_FILE = DemoSYAlertView/Info.plist;
				LD_RUNPATH_SEARCH_PATHS = (
					"$(inherited)",
					"@executable_path/Frameworks",
				);
				PRODUCT_BUNDLE_IDENTIFIER = com.vstecs.DemoSYAlertView;
				PRODUCT_NAME = "$(TARGET_NAME)";
				PROVISIONING_PROFILE_SPECIFIER = "";
				TARGETED_DEVICE_FAMILY = "1,2";
			};
			name = Debug;
		};
		A7FDCF6F20C67C7700FBA5A6 /* Release */ = {
			isa = XCBuildConfiguration;
			baseConfigurationReference = 1ECE50615764618313E841A8 /* Pods-DemoSYAlertView.release.xcconfig */;
			buildSettings = {
				ASSETCATALOG_COMPILER_APPICON_NAME = AppIcon;
				CODE_SIGN_STYLE = Manual;
				DEVELOPMENT_TEAM = "";
				INFOPLIST_FILE = DemoSYAlertView/Info.plist;
				LD_RUNPATH_SEARCH_PATHS = (
					"$(inherited)",
					"@executable_path/Frameworks",
				);
				PRODUCT_BUNDLE_IDENTIFIER = com.vstecs.DemoSYAlertView;
				PRODUCT_NAME = "$(TARGET_NAME)";
				PROVISIONING_PROFILE_SPECIFIER = "";
				TARGETED_DEVICE_FAMILY = "1,2";
			};
			name = Release;
		};
		A7FDCF7120C67C7700FBA5A6 /* Debug */ = {
			isa = XCBuildConfiguration;
			baseConfigurationReference = 0F598B8767A675DAC6098821 /* Pods-DemoSYAlertViewTests.debug.xcconfig */;
			buildSettings = {
				BUNDLE_LOADER = "$(TEST_HOST)";
				CODE_SIGN_STYLE = Automatic;
				INFOPLIST_FILE = DemoSYAlertViewTests/Info.plist;
				LD_RUNPATH_SEARCH_PATHS = (
					"$(inherited)",
					"@executable_path/Frameworks",
					"@loader_path/Frameworks",
				);
				PRODUCT_BUNDLE_IDENTIFIER = com.vstecs.DemoSYAlertViewTests;
				PRODUCT_NAME = "$(TARGET_NAME)";
				TARGETED_DEVICE_FAMILY = "1,2";
				TEST_HOST = "$(BUILT_PRODUCTS_DIR)/DemoSYAlertView.app/DemoSYAlertView";
			};
			name = Debug;
		};
		A7FDCF7220C67C7700FBA5A6 /* Release */ = {
			isa = XCBuildConfiguration;
			baseConfigurationReference = E24B4265E3C80BE4C2150A2A /* Pods-DemoSYAlertViewTests.release.xcconfig */;
			buildSettings = {
				BUNDLE_LOADER = "$(TEST_HOST)";
				CODE_SIGN_STYLE = Automatic;
				INFOPLIST_FILE = DemoSYAlertViewTests/Info.plist;
				LD_RUNPATH_SEARCH_PATHS = (
					"$(inherited)",
					"@executable_path/Frameworks",
					"@loader_path/Frameworks",
				);
				PRODUCT_BUNDLE_IDENTIFIER = com.vstecs.DemoSYAlertViewTests;
				PRODUCT_NAME = "$(TARGET_NAME)";
				TARGETED_DEVICE_FAMILY = "1,2";
				TEST_HOST = "$(BUILT_PRODUCTS_DIR)/DemoSYAlertView.app/DemoSYAlertView";
			};
			name = Release;
		};
		A7FDCF7420C67C7700FBA5A6 /* Debug */ = {
			isa = XCBuildConfiguration;
			baseConfigurationReference = 8EDC1B5DE1FA41438A3A3673 /* Pods-DemoSYAlertViewUITests.debug.xcconfig */;
			buildSettings = {
				CODE_SIGN_STYLE = Automatic;
				INFOPLIST_FILE = DemoSYAlertViewUITests/Info.plist;
				LD_RUNPATH_SEARCH_PATHS = (
					"$(inherited)",
					"@executable_path/Frameworks",
					"@loader_path/Frameworks",
				);
				PRODUCT_BUNDLE_IDENTIFIER = com.vstecs.DemoSYAlertViewUITests;
				PRODUCT_NAME = "$(TARGET_NAME)";
				TARGETED_DEVICE_FAMILY = "1,2";
				TEST_TARGET_NAME = DemoSYAlertView;
			};
			name = Debug;
		};
		A7FDCF7520C67C7700FBA5A6 /* Release */ = {
			isa = XCBuildConfiguration;
			baseConfigurationReference = B8ECBEFFEBDEE5A8DA5DBC75 /* Pods-DemoSYAlertViewUITests.release.xcconfig */;
			buildSettings = {
				CODE_SIGN_STYLE = Automatic;
				INFOPLIST_FILE = DemoSYAlertViewUITests/Info.plist;
				LD_RUNPATH_SEARCH_PATHS = (
					"$(inherited)",
					"@executable_path/Frameworks",
					"@loader_path/Frameworks",
				);
				PRODUCT_BUNDLE_IDENTIFIER = com.vstecs.DemoSYAlertViewUITests;
				PRODUCT_NAME = "$(TARGET_NAME)";
				TARGETED_DEVICE_FAMILY = "1,2";
				TEST_TARGET_NAME = DemoSYAlertView;
			};
			name = Release;
		};
/* End XCBuildConfiguration section */

/* Begin XCConfigurationList section */
		A7FDCF3C20C67C6E00FBA5A6 /* Build configuration list for PBXProject "DemoSYAlertView" */ = {
			isa = XCConfigurationList;
			buildConfigurations = (
				A7FDCF6B20C67C7700FBA5A6 /* Debug */,
				A7FDCF6C20C67C7700FBA5A6 /* Release */,
			);
			defaultConfigurationIsVisible = 0;
			defaultConfigurationName = Release;
		};
		A7FDCF6D20C67C7700FBA5A6 /* Build configuration list for PBXNativeTarget "DemoSYAlertView" */ = {
			isa = XCConfigurationList;
			buildConfigurations = (
				A7FDCF6E20C67C7700FBA5A6 /* Debug */,
				A7FDCF6F20C67C7700FBA5A6 /* Release */,
			);
			defaultConfigurationIsVisible = 0;
			defaultConfigurationName = Release;
		};
		A7FDCF7020C67C7700FBA5A6 /* Build configuration list for PBXNativeTarget "DemoSYAlertViewTests" */ = {
			isa = XCConfigurationList;
			buildConfigurations = (
				A7FDCF7120C67C7700FBA5A6 /* Debug */,
				A7FDCF7220C67C7700FBA5A6 /* Release */,
			);
			defaultConfigurationIsVisible = 0;
			defaultConfigurationName = Release;
		};
		A7FDCF7320C67C7700FBA5A6 /* Build configuration list for PBXNativeTarget "DemoSYAlertViewUITests" */ = {
			isa = XCConfigurationList;
			buildConfigurations = (
				A7FDCF7420C67C7700FBA5A6 /* Debug */,
				A7FDCF7520C67C7700FBA5A6 /* Release */,
			);
			defaultConfigurationIsVisible = 0;
			defaultConfigurationName = Release;
		};
/* End XCConfigurationList section */
	};
	rootObject = A7FDCF3920C67C6E00FBA5A6 /* Project object */;
}
